
Microsoft Visual Studio Solution File, Format Version 12.00
# Visual Studio Version 17
VisualStudioVersion = 17.5.33414.496
MinimumVisualStudioVersion = 10.0.40219.1
Project("{FAE04EC0-301F-11D3-BF4B-00C04F79EFBC}") = "Queue", "Queue\Queue.csproj", "{55BD7765-02FE-4DE2-996C-05614AF15058}"
EndProject
Project("{FAE04EC0-301F-11D3-BF4B-00C04F79EFBC}") = "Queue1", "Queue1\Queue1.csproj", "{E342560E-2ADB-4322-8153-C38A76D13478}"
EndProject
Project("{FAE04EC0-301F-11D3-BF4B-00C04F79EFBC}") = "Queue2", "Queue2\Queue2.csproj", "{094334D8-983B-4501-9B51-40A3C3AEFF3B}"
EndProject
Project("{FAE04EC0-301F-11D3-BF4B-00C04F79EFBC}") = "Stack", "Stack\Stack.csproj", "{28339970-FF4F-45DA-A704-BD7CA6FB6F72}"
EndProject
Project("{FAE04EC0-301F-11D3-BF4B-00C04F79EFBC}") = "Stack1", "Stack1\Stack1.csproj", "{61750EB5-D526-4722-A068-F08A17D9C5A5}"
EndProject
Global
	GlobalSection(SolutionConfigurationPlatforms) = preSolution
		Debug|Any CPU = Debug|Any CPU
		Release|Any CPU = Release|Any CPU
	EndGlobalSection
	GlobalSection(ProjectConfigurationPlatforms) = postSolution
		{55BD7765-02FE-4DE2-996C-05614AF15058}.Debug|Any CPU.ActiveCfg = Debug|Any CPU
		{55BD7765-02FE-4DE2-996C-05614AF15058}.Debug|Any CPU.Build.0 = Debug|Any CPU
		{55BD7765-02FE-4DE2-996C-05614AF15058}.Release|Any CPU.ActiveCfg = Release|Any CPU
		{55BD7765-02FE-4DE2-996C-05614AF15058}.Release|Any CPU.Build.0 = Release|Any CPU
		{E342560E-2ADB-4322-8153-C38A76D13478}.Debug|Any CPU.ActiveCfg = Debug|Any CPU
		{E342560E-2ADB-4322-8153-C38A76D13478}.Debug|Any CPU.Build.0 = Debug|Any CPU
		{E342560E-2ADB-4322-8153-C38A76D13478}.Release|Any CPU.ActiveCfg = Release|Any CPU
		{E342560E-2ADB-4322-8153-C38A76D13478}.Release|Any CPU.Build.0 = Release|Any CPU
		{094334D8-983B-4501-9B51-40A3C3AEFF3B}.Debug|Any CPU.ActiveCfg = Debug|Any CPU
		{094334D8-983B-4501-9B51-40A3C3AEFF3B}.Debug|Any CPU.Build.0 = Debug|Any CPU
		{094334D8-983B-4501-9B51-40A3C3AEFF3B}.Release|Any CPU.ActiveCfg = Release|Any CPU
		{094334D8-983B-4501-9B51-40A3C3AEFF3B}.Release|Any CPU.Build.0 = Release|Any CPU
		{28339970-FF4F-45DA-A704-BD7CA6FB6F72}.Debug|Any CPU.ActiveCfg = Debug|Any CPU
		{28339970-FF4F-45DA-A704-BD7CA6FB6F72}.Debug|Any CPU.Build.0 = Debug|Any CPU
		{28339970-FF4F-45DA-A704-BD7CA6FB6F72}.Release|Any CPU.ActiveCfg = Release|Any CPU
		{28339970-FF4F-45DA-A704-BD7CA6FB6F72}.Release|Any CPU.Build.0 = Release|Any CPU
		{61750EB5-D526-4722-A068-F08A17D9C5A5}.Debug|Any CPU.ActiveCfg = Debug|Any CPU
		{61750EB5-D526-4722-A068-F08A17D9C5A5}.Debug|Any CPU.Build.0 = Debug|Any CPU
		{61750EB5-D526-4722-A068-F08A17D9C5A5}.Release|Any CPU.ActiveCfg = Release|Any CPU
		{61750EB5-D526-4722-A068-F08A17D9C5A5}.Release|Any CPU.Build.0 = Release|Any CPU
	EndGlobalSection
	GlobalSection(SolutionProperties) = preSolution
		HideSolutionNode = FALSE
	EndGlobalSection
	GlobalSection(ExtensibilityGlobals) = postSolution
		SolutionGuid = {C60EBD1E-3D91-432A-9B30-3AF313F4DBFF}
	EndGlobalSection
EndGlobal
